
Microsoft Visual Studio Solution File, Format Version 12.00
# Visual Studio 2012
Project("{FAE04EC0-301F-11D3-BF4B-00C04F79EFBC}") = "testtek", "testtek\testtek.csproj", "{C63E27DC-A5A0-4617-94F2-EE701EBD023C}"
EndProject
Global
	GlobalSection(SolutionConfigurationPlatforms) = preSolution
		Debug|Any CPU = Debug|Any CPU
		Release|Any CPU = Release|Any CPU
	EndGlobalSection
	GlobalSection(ProjectConfigurationPlatforms) = postSolution
		{C63E27DC-A5A0-4617-94F2-EE701EBD023C}.Debug|Any CPU.ActiveCfg = Debug|Any CPU
		{C63E27DC-A5A0-4617-94F2-EE701EBD023C}.Debug|Any CPU.Build.0 = Debug|Any CPU
		{C63E27DC-A5A0-4617-94F2-EE701EBD023C}.Debug|Any CPU.Deploy.0 = Debug|Any CPU
		{C63E27DC-A5A0-4617-94F2-EE701EBD023C}.Release|Any CPU.ActiveCfg = Release|Any CPU
		{C63E27DC-A5A0-4617-94F2-EE701EBD023C}.Release|Any CPU.Build.0 = Release|Any CPU
		{C63E27DC-A5A0-4617-94F2-EE701EBD023C}.Release|Any CPU.Deploy.0 = Release|Any CPU
	EndGlobalSection
	GlobalSection(SolutionProperties) = preSolution
		HideSolutionNode = FALSE
	EndGlobalSection
EndGlobal
